
Microsoft Visual Studio Solution File, Format Version 12.00
# Visual Studio Version 17
VisualStudioVersion = 17.3.32929.385
MinimumVisualStudioVersion = 10.0.40219.1
Project("{FAE04EC0-301F-11D3-BF4B-00C04F79EFBC}") = "PokemonProject", "PokemonProject\PokemonProject.csproj", "{B021E2D5-AB26-4DAE-9839-E4DF82A45C5D}"
EndProject
Global
	GlobalSection(SolutionConfigurationPlatforms) = preSolution
		Debug|Any CPU = Debug|Any CPU
		Release|Any CPU = Release|Any CPU
	EndGlobalSection
	GlobalSection(ProjectConfigurationPlatforms) = postSolution
		{B021E2D5-AB26-4DAE-9839-E4DF82A45C5D}.Debug|Any CPU.ActiveCfg = Debug|Any CPU
		{B021E2D5-AB26-4DAE-9839-E4DF82A45C5D}.Debug|Any CPU.Build.0 = Debug|Any CPU
		{B021E2D5-AB26-4DAE-9839-E4DF82A45C5D}.Release|Any CPU.ActiveCfg = Release|Any CPU
		{B021E2D5-AB26-4DAE-9839-E4DF82A45C5D}.Release|Any CPU.Build.0 = Release|Any CPU
	EndGlobalSection
	GlobalSection(SolutionProperties) = preSolution
		HideSolutionNode = FALSE
	EndGlobalSection
	GlobalSection(ExtensibilityGlobals) = postSolution
		SolutionGuid = {C7D48401-EF99-4F79-9403-5EE8BF2C7EC4}
	EndGlobalSection
EndGlobal
